
Microsoft Visual Studio Solution File, Format Version 12.00
# Visual Studio 2013
VisualStudioVersion = 12.0.30501.0
MinimumVisualStudioVersion = 10.0.40219.1
Project("{FAE04EC0-301F-11D3-BF4B-00C04F79EFBC}") = "Algorithms_Euclid", "Algorithms_Euclid\Algorithms_Euclid.csproj", "{42798B25-32F8-4FB0-AF89-82CA20B1AF2E}"
EndProject
Project("{FAE04EC0-301F-11D3-BF4B-00C04F79EFBC}") = "Algorithms_Euclid_Test", "UnitTestProject1\Algorithms_Euclid_Test.csproj", "{7CC9AC8D-A01B-47F1-A0BA-5DA2E2EDD518}"
EndProject
Global
	GlobalSection(SolutionConfigurationPlatforms) = preSolution
		Debug|Any CPU = Debug|Any CPU
		Release|Any CPU = Release|Any CPU
	EndGlobalSection
	GlobalSection(ProjectConfigurationPlatforms) = postSolution
		{42798B25-32F8-4FB0-AF89-82CA20B1AF2E}.Debug|Any CPU.ActiveCfg = Debug|Any CPU
		{42798B25-32F8-4FB0-AF89-82CA20B1AF2E}.Debug|Any CPU.Build.0 = Debug|Any CPU
		{42798B25-32F8-4FB0-AF89-82CA20B1AF2E}.Release|Any CPU.ActiveCfg = Release|Any CPU
		{42798B25-32F8-4FB0-AF89-82CA20B1AF2E}.Release|Any CPU.Build.0 = Release|Any CPU
		{7CC9AC8D-A01B-47F1-A0BA-5DA2E2EDD518}.Debug|Any CPU.ActiveCfg = Debug|Any CPU
		{7CC9AC8D-A01B-47F1-A0BA-5DA2E2EDD518}.Debug|Any CPU.Build.0 = Debug|Any CPU
		{7CC9AC8D-A01B-47F1-A0BA-5DA2E2EDD518}.Release|Any CPU.ActiveCfg = Release|Any CPU
		{7CC9AC8D-A01B-47F1-A0BA-5DA2E2EDD518}.Release|Any CPU.Build.0 = Release|Any CPU
	EndGlobalSection
	GlobalSection(SolutionProperties) = preSolution
		HideSolutionNode = FALSE
	EndGlobalSection
EndGlobal
